
Microsoft Visual Studio Solution File, Format Version 12.00
# Visual Studio Version 17
VisualStudioVersion = 17.11.35222.181
MinimumVisualStudioVersion = 10.0.40219.1
Project("{FAE04EC0-301F-11D3-BF4B-00C04F79EFBC}") = "AppOrdenamientos", "AppOrdenamientos\AppOrdenamientos.csproj", "{6284560A-10AE-4934-9E06-8C92B24273C9}"
EndProject
Global
	GlobalSection(SolutionConfigurationPlatforms) = preSolution
		Debug|Any CPU = Debug|Any CPU
		Release|Any CPU = Release|Any CPU
	EndGlobalSection
	GlobalSection(ProjectConfigurationPlatforms) = postSolution
		{6284560A-10AE-4934-9E06-8C92B24273C9}.Debug|Any CPU.ActiveCfg = Debug|Any CPU
		{6284560A-10AE-4934-9E06-8C92B24273C9}.Debug|Any CPU.Build.0 = Debug|Any CPU
		{6284560A-10AE-4934-9E06-8C92B24273C9}.Release|Any CPU.ActiveCfg = Release|Any CPU
		{6284560A-10AE-4934-9E06-8C92B24273C9}.Release|Any CPU.Build.0 = Release|Any CPU
	EndGlobalSection
	GlobalSection(SolutionProperties) = preSolution
		HideSolutionNode = FALSE
	EndGlobalSection
	GlobalSection(ExtensibilityGlobals) = postSolution
		SolutionGuid = {2A11EF79-A0E4-4FE5-A90E-6E49C1093353}
	EndGlobalSection
EndGlobal
